
Microsoft Visual Studio Solution File, Format Version 12.00
# Visual Studio Version 18
VisualStudioVersion = 18.0.11205.157 d18.0
MinimumVisualStudioVersion = 10.0.40219.1
Project("{FAE04EC0-301F-11D3-BF4B-00C04F79EFBC}") = "udic", "udic.csproj", "{B60E991B-B9E1-7A6C-BBF0-6ED8B9E69E3D}"
EndProject
Global
	GlobalSection(SolutionConfigurationPlatforms) = preSolution
		Debug|Any CPU = Debug|Any CPU
		Release|Any CPU = Release|Any CPU
	EndGlobalSection
	GlobalSection(ProjectConfigurationPlatforms) = postSolution
		{B60E991B-B9E1-7A6C-BBF0-6ED8B9E69E3D}.Debug|Any CPU.ActiveCfg = Debug|Any CPU
		{B60E991B-B9E1-7A6C-BBF0-6ED8B9E69E3D}.Debug|Any CPU.Build.0 = Debug|Any CPU
		{B60E991B-B9E1-7A6C-BBF0-6ED8B9E69E3D}.Release|Any CPU.ActiveCfg = Release|Any CPU
		{B60E991B-B9E1-7A6C-BBF0-6ED8B9E69E3D}.Release|Any CPU.Build.0 = Release|Any CPU
	EndGlobalSection
	GlobalSection(SolutionProperties) = preSolution
		HideSolutionNode = FALSE
	EndGlobalSection
	GlobalSection(ExtensibilityGlobals) = postSolution
		SolutionGuid = {82CFD01A-AE78-4459-80AF-6D906B77A8C1}
	EndGlobalSection
EndGlobal
